
Microsoft Visual Studio Solution File, Format Version 12.00
# Visual Studio Version 16
VisualStudioVersion = 16.0.29613.14
MinimumVisualStudioVersion = 10.0.40219.1
Project("{FAE04EC0-301F-11D3-BF4B-00C04F79EFBC}") = "Laboration2", "Laboration2.csproj", "{A801B3FA-EED4-435B-96BE-AC8A958A5ACD}"
EndProject
Global
	GlobalSection(SolutionConfigurationPlatforms) = preSolution
		Debug|Any CPU = Debug|Any CPU
		Release|Any CPU = Release|Any CPU
	EndGlobalSection
	GlobalSection(ProjectConfigurationPlatforms) = postSolution
		{A801B3FA-EED4-435B-96BE-AC8A958A5ACD}.Debug|Any CPU.ActiveCfg = Debug|Any CPU
		{A801B3FA-EED4-435B-96BE-AC8A958A5ACD}.Debug|Any CPU.Build.0 = Debug|Any CPU
		{A801B3FA-EED4-435B-96BE-AC8A958A5ACD}.Release|Any CPU.ActiveCfg = Release|Any CPU
		{A801B3FA-EED4-435B-96BE-AC8A958A5ACD}.Release|Any CPU.Build.0 = Release|Any CPU
	EndGlobalSection
	GlobalSection(SolutionProperties) = preSolution
		HideSolutionNode = FALSE
	EndGlobalSection
	GlobalSection(ExtensibilityGlobals) = postSolution
		SolutionGuid = {127E858A-DEC2-428C-9A85-045A121F9424}
	EndGlobalSection
EndGlobal
