
Microsoft Visual Studio Solution File, Format Version 12.00
# Visual Studio Version 16
VisualStudioVersion = 16.0.29613.14
MinimumVisualStudioVersion = 10.0.40219.1
Project("{FAE04EC0-301F-11D3-BF4B-00C04F79EFBC}") = "Laboration2", "Laboration2.csproj", "{35044DC7-677A-4B74-A403-438FCC6B2B98}"
EndProject
Global
	GlobalSection(SolutionConfigurationPlatforms) = preSolution
		Debug|Any CPU = Debug|Any CPU
		Release|Any CPU = Release|Any CPU
	EndGlobalSection
	GlobalSection(ProjectConfigurationPlatforms) = postSolution
		{35044DC7-677A-4B74-A403-438FCC6B2B98}.Debug|Any CPU.ActiveCfg = Debug|Any CPU
		{35044DC7-677A-4B74-A403-438FCC6B2B98}.Debug|Any CPU.Build.0 = Debug|Any CPU
		{35044DC7-677A-4B74-A403-438FCC6B2B98}.Release|Any CPU.ActiveCfg = Release|Any CPU
		{35044DC7-677A-4B74-A403-438FCC6B2B98}.Release|Any CPU.Build.0 = Release|Any CPU
	EndGlobalSection
	GlobalSection(SolutionProperties) = preSolution
		HideSolutionNode = FALSE
	EndGlobalSection
	GlobalSection(ExtensibilityGlobals) = postSolution
		SolutionGuid = {066A849F-664D-4563-9679-C33220040D5C}
	EndGlobalSection
EndGlobal
